
Microsoft Visual Studio Solution File, Format Version 12.00
# Visual Studio Version 17
VisualStudioVersion = 17.14.36518.9 d17.14
MinimumVisualStudioVersion = 10.0.40219.1
Project("{FAE04EC0-301F-11D3-BF4B-00C04F79EFBC}") = "decorator-demo", "decorator-demo\decorator-demo.csproj", "{46BF1EA6-70DF-4145-AC60-6748C4F6D261}"
EndProject
Global
	GlobalSection(SolutionConfigurationPlatforms) = preSolution
		Debug|Any CPU = Debug|Any CPU
		Release|Any CPU = Release|Any CPU
	EndGlobalSection
	GlobalSection(ProjectConfigurationPlatforms) = postSolution
		{46BF1EA6-70DF-4145-AC60-6748C4F6D261}.Debug|Any CPU.ActiveCfg = Debug|Any CPU
		{46BF1EA6-70DF-4145-AC60-6748C4F6D261}.Debug|Any CPU.Build.0 = Debug|Any CPU
		{46BF1EA6-70DF-4145-AC60-6748C4F6D261}.Release|Any CPU.ActiveCfg = Release|Any CPU
		{46BF1EA6-70DF-4145-AC60-6748C4F6D261}.Release|Any CPU.Build.0 = Release|Any CPU
	EndGlobalSection
	GlobalSection(SolutionProperties) = preSolution
		HideSolutionNode = FALSE
	EndGlobalSection
	GlobalSection(ExtensibilityGlobals) = postSolution
		SolutionGuid = {3B26C423-6E47-43FB-B690-0D2E33D073F5}
	EndGlobalSection
EndGlobal
