
Microsoft Visual Studio Solution File, Format Version 12.00
# Visual Studio Version 17
VisualStudioVersion = 17.14.36623.8 d17.14
MinimumVisualStudioVersion = 10.0.40219.1
Project("{FAE04EC0-301F-11D3-BF4B-00C04F79EFBC}") = "proxy-demo", "proxy-demo\proxy-demo.csproj", "{0866B587-BAFB-4A5B-9EAE-4CBB629A2CAF}"
EndProject
Global
	GlobalSection(SolutionConfigurationPlatforms) = preSolution
		Debug|Any CPU = Debug|Any CPU
		Release|Any CPU = Release|Any CPU
	EndGlobalSection
	GlobalSection(ProjectConfigurationPlatforms) = postSolution
		{0866B587-BAFB-4A5B-9EAE-4CBB629A2CAF}.Debug|Any CPU.ActiveCfg = Debug|Any CPU
		{0866B587-BAFB-4A5B-9EAE-4CBB629A2CAF}.Debug|Any CPU.Build.0 = Debug|Any CPU
		{0866B587-BAFB-4A5B-9EAE-4CBB629A2CAF}.Release|Any CPU.ActiveCfg = Release|Any CPU
		{0866B587-BAFB-4A5B-9EAE-4CBB629A2CAF}.Release|Any CPU.Build.0 = Release|Any CPU
	EndGlobalSection
	GlobalSection(SolutionProperties) = preSolution
		HideSolutionNode = FALSE
	EndGlobalSection
	GlobalSection(ExtensibilityGlobals) = postSolution
		SolutionGuid = {FF758D04-5D58-4499-ACE1-F57BF805798D}
	EndGlobalSection
EndGlobal
