
Microsoft Visual Studio Solution File, Format Version 12.00
# Visual Studio Version 17
VisualStudioVersion = 17.14.36603.0 d17.14
MinimumVisualStudioVersion = 10.0.40219.1
Project("{FAE04EC0-301F-11D3-BF4B-00C04F79EFBC}") = "state-demo", "state-demo\state-demo.csproj", "{8A3B3131-9FAA-438D-B6EF-AA70749A0BA6}"
EndProject
Global
	GlobalSection(SolutionConfigurationPlatforms) = preSolution
		Debug|Any CPU = Debug|Any CPU
		Release|Any CPU = Release|Any CPU
	EndGlobalSection
	GlobalSection(ProjectConfigurationPlatforms) = postSolution
		{8A3B3131-9FAA-438D-B6EF-AA70749A0BA6}.Debug|Any CPU.ActiveCfg = Debug|Any CPU
		{8A3B3131-9FAA-438D-B6EF-AA70749A0BA6}.Debug|Any CPU.Build.0 = Debug|Any CPU
		{8A3B3131-9FAA-438D-B6EF-AA70749A0BA6}.Release|Any CPU.ActiveCfg = Release|Any CPU
		{8A3B3131-9FAA-438D-B6EF-AA70749A0BA6}.Release|Any CPU.Build.0 = Release|Any CPU
	EndGlobalSection
	GlobalSection(SolutionProperties) = preSolution
		HideSolutionNode = FALSE
	EndGlobalSection
	GlobalSection(ExtensibilityGlobals) = postSolution
		SolutionGuid = {E84A1515-0703-4E09-8139-5C678DE150E0}
	EndGlobalSection
EndGlobal
