
Microsoft Visual Studio Solution File, Format Version 12.00
# Visual Studio Version 17
VisualStudioVersion = 17.14.36518.9 d17.14
MinimumVisualStudioVersion = 10.0.40219.1
Project("{FAE04EC0-301F-11D3-BF4B-00C04F79EFBC}") = "adapter-demo", "adapter-demo\adapter-demo.csproj", "{B445C523-DA5B-497D-A727-111BDA10CEF4}"
EndProject
Global
	GlobalSection(SolutionConfigurationPlatforms) = preSolution
		Debug|Any CPU = Debug|Any CPU
		Release|Any CPU = Release|Any CPU
	EndGlobalSection
	GlobalSection(ProjectConfigurationPlatforms) = postSolution
		{B445C523-DA5B-497D-A727-111BDA10CEF4}.Debug|Any CPU.ActiveCfg = Debug|Any CPU
		{B445C523-DA5B-497D-A727-111BDA10CEF4}.Debug|Any CPU.Build.0 = Debug|Any CPU
		{B445C523-DA5B-497D-A727-111BDA10CEF4}.Release|Any CPU.ActiveCfg = Release|Any CPU
		{B445C523-DA5B-497D-A727-111BDA10CEF4}.Release|Any CPU.Build.0 = Release|Any CPU
	EndGlobalSection
	GlobalSection(SolutionProperties) = preSolution
		HideSolutionNode = FALSE
	EndGlobalSection
	GlobalSection(ExtensibilityGlobals) = postSolution
		SolutionGuid = {32C54816-08C5-49E0-AECC-13C1E9FD89C2}
	EndGlobalSection
EndGlobal
