
Microsoft Visual Studio Solution File, Format Version 12.00
# Visual Studio Version 17
VisualStudioVersion = 17.14.36518.9 d17.14
MinimumVisualStudioVersion = 10.0.40219.1
Project("{FAE04EC0-301F-11D3-BF4B-00C04F79EFBC}") = "observer-demo", "observer-demo\observer-demo.csproj", "{AD8A59AE-3CAD-4ABE-B3C1-F62592EE4177}"
EndProject
Global
	GlobalSection(SolutionConfigurationPlatforms) = preSolution
		Debug|Any CPU = Debug|Any CPU
		Release|Any CPU = Release|Any CPU
	EndGlobalSection
	GlobalSection(ProjectConfigurationPlatforms) = postSolution
		{AD8A59AE-3CAD-4ABE-B3C1-F62592EE4177}.Debug|Any CPU.ActiveCfg = Debug|Any CPU
		{AD8A59AE-3CAD-4ABE-B3C1-F62592EE4177}.Debug|Any CPU.Build.0 = Debug|Any CPU
		{AD8A59AE-3CAD-4ABE-B3C1-F62592EE4177}.Release|Any CPU.ActiveCfg = Release|Any CPU
		{AD8A59AE-3CAD-4ABE-B3C1-F62592EE4177}.Release|Any CPU.Build.0 = Release|Any CPU
	EndGlobalSection
	GlobalSection(SolutionProperties) = preSolution
		HideSolutionNode = FALSE
	EndGlobalSection
	GlobalSection(ExtensibilityGlobals) = postSolution
		SolutionGuid = {7C61E61D-ADE6-4B09-BCEF-902E783C5326}
	EndGlobalSection
EndGlobal
